<?xml version="1.0" encoding="utf-8"?>
<Project ToolsVersion="4.0" xmlns="http://schemas.microsoft.com/developer/msbuild/2003">
  <ItemGroup>
    <Filter Include="Source">
      <UniqueIdentifier>{d4ee7ba6-6fc0-4763-8bc3-d83995e99e49}</UniqueIdentifier>
    </Filter>
    <Filter Include="Source\Game">
      <UniqueIdentifier>{90d310ba-3bcc-4b92-8ee0-215f8f3fa0d3}</UniqueIdentifier>
    </Filter>
    <Filter Include="Source\Game\Component">
      <UniqueIdentifier>{b05d40d6-151b-4bf9-bef4-ad79a12c7b76}</UniqueIdentifier>
    </Filter>
    <Filter Include="Source\Game\System">
      <UniqueIdentifier>{378f0a90-7de5-4436-af61-afc53b5b67fc}</UniqueIdentifier>
    </Filter>
    <Filter Include="Source\Application">
      <UniqueIdentifier>{1f86ff7d-4bd4-431b-ae53-9a95e2421af6}</UniqueIdentifier>
    </Filter>
    <Filter Include="Source\GUI">
      <UniqueIdentifier>{e07b64ff-aa45-4891-8b15-a93434d14b93}</UniqueIdentifier>
    </Filter>
  </ItemGroup>
  <ItemGroup>
    <ClCompile Include="Application\TestApp.cpp">
      <Filter>Source\Application</Filter>
    </ClCompile>
    <ClCompile Include="Frieren.cpp">
      <Filter>Source</Filter>
    </ClCompile>
    <ClCompile Include="main.cpp">
      <Filter>Source</Filter>
    </ClCompile>
    <ClCompile Include="Game\Component\FpsCameraController.cpp">
      <Filter>Source\Game\Component</Filter>
    </ClCompile>
    <ClCompile Include="Game\System\CameraPossessSystem.cpp">
      <Filter>Source\Game\System</Filter>
    </ClCompile>
    <ClCompile Include="Game\System\FpsCameraControllSystem.cpp">
      <Filter>Source\Game\System</Filter>
    </ClCompile>
    <ClCompile Include="Game\System\TestGameSystem.cpp">
      <Filter>Source\Game\System</Filter>
    </ClCompile>
    <ClCompile Include="Game\System\JustSpinningSystem.cpp">
      <Filter>Source\Game\System</Filter>
    </ClCompile>
    <ClCompile Include="Gui\AssetInspector.cpp">
      <Filter>Source\GUI</Filter>
    </ClCompile>
    <ClCompile Include="Gui\CachedStringDebugger.cpp">
      <Filter>Source\GUI</Filter>
    </ClCompile>
    <ClCompile Include="Gui\EditorCanvas.cpp">
      <Filter>Source\GUI</Filter>
    </ClCompile>
    <ClCompile Include="Gui\EntityInspector.cpp">
      <Filter>Source\GUI</Filter>
    </ClCompile>
    <ClCompile Include="Gui\EntityList.cpp">
      <Filter>Source\GUI</Filter>
    </ClCompile>
    <ClCompile Include="Gui\StaticMeshImportPanel.cpp">
      <Filter>Source\GUI</Filter>
    </ClCompile>
    <ClCompile Include="Gui\StatisticsPanel.cpp">
      <Filter>Source\GUI</Filter>
    </ClCompile>
    <ClCompile Include="Gui\TextureImportPanel.cpp">
      <Filter>Source\GUI</Filter>
    </ClCompile>
  </ItemGroup>
  <ItemGroup>
    <ClInclude Include="Application\TestApp.h">
      <Filter>Source\Application</Filter>
    </ClInclude>
    <ClInclude Include="Frieren.h">
      <Filter>Source</Filter>
    </ClInclude>
    <ClInclude Include="Game\Component\FpsCameraController.h">
      <Filter>Source\Game\Component</Filter>
    </ClInclude>
    <ClInclude Include="Game\System\FpsCameraControllSystem.h">
      <Filter>Source\Game\System</Filter>
    </ClInclude>
    <ClInclude Include="Game\System\CameraPossessSystem.h">
      <Filter>Source\Game\System</Filter>
    </ClInclude>
    <ClInclude Include="Game\System\TestGameSystem.h">
      <Filter>Source\Game\System</Filter>
    </ClInclude>
    <ClInclude Include="Game\System\JustSpinningSystem.h">
      <Filter>Source\Game\System</Filter>
    </ClInclude>
    <ClInclude Include="Gui\AssetInspector.h">
      <Filter>Source\GUI</Filter>
    </ClInclude>
    <ClInclude Include="Gui\CachedStringDebugger.h">
      <Filter>Source\GUI</Filter>
    </ClInclude>
    <ClInclude Include="Gui\EditorCanvas.h">
      <Filter>Source\GUI</Filter>
    </ClInclude>
    <ClInclude Include="Gui\EntityInsepctor.h">
      <Filter>Source\GUI</Filter>
    </ClInclude>
    <ClInclude Include="Gui\EntityList.h">
      <Filter>Source\GUI</Filter>
    </ClInclude>
    <ClInclude Include="Gui\StaticMeshImportPanel.h">
      <Filter>Source\GUI</Filter>
    </ClInclude>
    <ClInclude Include="Gui\StatisticsPanel.h">
      <Filter>Source\GUI</Filter>
    </ClInclude>
    <ClInclude Include="Gui\TextureImportPanel.h">
      <Filter>Source\GUI</Filter>
    </ClInclude>
    <ClInclude Include="Game\Component\FpsCameraArchetype.h">
      <Filter>Source\Game\Component</Filter>
    </ClInclude>
    <ClInclude Include="Game\Component\RandMovementComponent.h">
      <Filter>Source\Game\Component</Filter>
    </ClInclude>
  </ItemGroup>
</Project>