<?xml version="1.0" encoding="utf-8"?>
<Project ToolsVersion="4.0" xmlns="http://schemas.microsoft.com/developer/msbuild/2003">
  <ItemGroup>
    <Filter Include="Source">
      <UniqueIdentifier>{687bade5-725c-495a-9ef1-7a3784f06a28}</UniqueIdentifier>
    </Filter>
    <Filter Include="Source\Core">
      <UniqueIdentifier>{187f7688-de80-481c-8f77-0314177ce907}</UniqueIdentifier>
    </Filter>
    <Filter Include="Source\Gameplay">
      <UniqueIdentifier>{8520c80d-9a10-48dc-8dff-f6ce375af563}</UniqueIdentifier>
    </Filter>
    <Filter Include="Source\D3D12">
      <UniqueIdentifier>{2b718f61-774c-4896-a78a-8c6d3ec1833c}</UniqueIdentifier>
    </Filter>
    <Filter Include="Thirdparty">
      <UniqueIdentifier>{649caa31-cf2a-4603-ace2-485c6b0c9660}</UniqueIdentifier>
    </Filter>
    <Filter Include="Thirdparty\D3D12MemAlloc">
      <UniqueIdentifier>{d6c45c0b-c442-4eac-90cf-dcc17c5d6e29}</UniqueIdentifier>
    </Filter>
    <Filter Include="Source\ImGui">
      <UniqueIdentifier>{13d19af1-2a32-4de0-96a7-7a2dfced32f5}</UniqueIdentifier>
    </Filter>
    <Filter Include="Shader">
      <UniqueIdentifier>{d0dbc9e3-27a4-412c-a6ed-51cd6c470d0a}</UniqueIdentifier>
    </Filter>
    <Filter Include="Source\Math">
      <UniqueIdentifier>{9d4ce617-53be-49f6-975c-fe5bea76b823}</UniqueIdentifier>
    </Filter>
    <Filter Include="Thirdparty\SimpleMath">
      <UniqueIdentifier>{0e94695b-79b7-4b7f-8524-6543ee102861}</UniqueIdentifier>
    </Filter>
    <Filter Include="Source\Asset">
      <UniqueIdentifier>{8aacdbc1-74bc-4926-a5bf-59582fa6132c}</UniqueIdentifier>
    </Filter>
    <Filter Include="Thirdparty\DirectXTex">
      <UniqueIdentifier>{af091ce6-3816-42e2-9da1-b229568acb68}</UniqueIdentifier>
    </Filter>
    <Filter Include="Thirdparty\DirectXCompiler">
      <UniqueIdentifier>{173fb3a5-9de0-4c9b-9e2b-fec11f93dc3d}</UniqueIdentifier>
    </Filter>
    <Filter Include="Source\Render">
      <UniqueIdentifier>{ebf89346-5007-4bda-ac52-6f027287c8c8}</UniqueIdentifier>
    </Filter>
    <Filter Include="Thirdparty\WinPixEventRuntime">
      <UniqueIdentifier>{d1b1f73c-4a4e-41dc-aa8c-5c0d1456bf88}</UniqueIdentifier>
    </Filter>
    <Filter Include="Source\Render\Component">
      <UniqueIdentifier>{145c88a3-2792-4d2b-ba4b-6f8ef352a580}</UniqueIdentifier>
    </Filter>
    <Filter Include="Source\Gameplay\Component">
      <UniqueIdentifier>{10f5bb57-159e-4f17-858e-79e8e07e263a}</UniqueIdentifier>
    </Filter>
    <Filter Include="Source\Filesystem">
      <UniqueIdentifier>{e3616311-888c-4bac-b79c-06e9b8d528d6}</UniqueIdentifier>
    </Filter>
  </ItemGroup>
  <ItemGroup>
    <ClInclude Include="..\Source\Frieren\Core\Assert.h">
      <Filter>Source\Core</Filter>
    </ClInclude>
    <ClInclude Include="..\Source\Frieren\Core\HashUtils.h">
      <Filter>Source\Core</Filter>
    </ClInclude>
    <ClInclude Include="..\Source\Frieren\Core\Mutex.h">
      <Filter>Source\Core</Filter>
    </ClInclude>
    <ClInclude Include="..\Source\Frieren\Core\String.h">
      <Filter>Source\Core</Filter>
    </ClInclude>
    <ClInclude Include="..\Source\Frieren\Core\Log.h">
      <Filter>Source\Core</Filter>
    </ClInclude>
    <ClInclude Include="..\Source\Frieren\Core\EmbededSettings.h">
      <Filter>Source\Core</Filter>
    </ClInclude>
    <ClInclude Include="..\Source\Frieren\Core\Version.h">
      <Filter>Source\Core</Filter>
    </ClInclude>
    <ClInclude Include="..\Source\Frieren\Core\InputManager.h">
      <Filter>Source\Core</Filter>
    </ClInclude>
    <ClInclude Include="..\Source\Frieren\Core\Window.h">
      <Filter>Source\Core</Filter>
    </ClInclude>
    <ClInclude Include="..\Source\Frieren\Core\Timer.h">
      <Filter>Source\Core</Filter>
    </ClInclude>
    <ClInclude Include="..\Source\Frieren\Core\Win32API.h">
      <Filter>Source\Core</Filter>
    </ClInclude>
    <ClInclude Include="..\Source\Frieren\Engine.h">
      <Filter>Source</Filter>
    </ClInclude>
    <ClInclude Include="..\Source\Frieren\Gameplay\World.h">
      <Filter>Source\Gameplay</Filter>
    </ClInclude>
    <ClInclude Include="..\Source\Frieren\Gameplay\GameInstance.h">
      <Filter>Source\Gameplay</Filter>
    </ClInclude>
    <ClInclude Include="..\Source\Frieren\Gameplay\GameFlow.h">
      <Filter>Source\Gameplay</Filter>
    </ClInclude>
    <ClInclude Include="..\Source\Frieren\D3D12\RenderDevice.h">
      <Filter>Source\D3D12</Filter>
    </ClInclude>
    <ClInclude Include="..\Source\Frieren\D3D12\GpuBuffer.h">
      <Filter>Source\D3D12</Filter>
    </ClInclude>
    <ClInclude Include="..\Source\Frieren\D3D12\CommandContext.h">
      <Filter>Source\D3D12</Filter>
    </ClInclude>
    <ClInclude Include="..\Source\Frieren\D3D12\GpuTexture.h">
      <Filter>Source\D3D12</Filter>
    </ClInclude>
    <ClInclude Include="..\Source\Frieren\D3D12\DescriptorHeap.h">
      <Filter>Source\D3D12</Filter>
    </ClInclude>
    <ClInclude Include="..\Source\Frieren\D3D12\PipelineState.h">
      <Filter>Source\D3D12</Filter>
    </ClInclude>
    <ClInclude Include="..\Source\Frieren\D3D12\ShaderBlob.h">
      <Filter>Source\D3D12</Filter>
    </ClInclude>
    <ClInclude Include="..\Source\Frieren\D3D12\Swapchain.h">
      <Filter>Source\D3D12</Filter>
    </ClInclude>
    <ClInclude Include="..\Source\Frieren\D3D12\Common.h">
      <Filter>Source\D3D12</Filter>
    </ClInclude>
    <ClInclude Include="..\Source\Frieren\D3D12\GpuBufferDesc.h">
      <Filter>Source\D3D12</Filter>
    </ClInclude>
    <ClInclude Include="..\Thirdparty\D3D12MemAlloc\D3D12MemAlloc.h">
      <Filter>Thirdparty\D3D12MemAlloc</Filter>
    </ClInclude>
    <ClInclude Include="..\Source\Frieren\D3D12\GpuTextureDesc.h">
      <Filter>Source\D3D12</Filter>
    </ClInclude>
    <ClInclude Include="..\Source\Frieren\D3D12\PipelineStateDesc.h">
      <Filter>Source\D3D12</Filter>
    </ClInclude>
    <ClInclude Include="..\Source\Frieren\D3D12\RootSignature.h">
      <Filter>Source\D3D12</Filter>
    </ClInclude>
    <ClInclude Include="..\Source\Frieren\Core\Container.h">
      <Filter>Source\Core</Filter>
    </ClInclude>
    <ClInclude Include="..\Source\Frieren\ImGui\Common.h">
      <Filter>Source\ImGui</Filter>
    </ClInclude>
    <ClInclude Include="..\Source\Frieren\ImGui\ImGuiRenderer.h">
      <Filter>Source\ImGui</Filter>
    </ClInclude>
    <ClInclude Include="..\Source\Frieren\ImGui\ImGuiCanvas.h">
      <Filter>Source\ImGui</Filter>
    </ClInclude>
    <ClInclude Include="..\Source\Frieren\ImGui\ImGuiLayer.h">
      <Filter>Source\ImGui</Filter>
    </ClInclude>
    <ClInclude Include="..\Source\Frieren\D3D12\CommandQueue.h">
      <Filter>Source\D3D12</Filter>
    </ClInclude>
    <ClInclude Include="..\Source\Frieren\Core\FrameManager.h">
      <Filter>Source\Core</Filter>
    </ClInclude>
    <ClInclude Include="..\Source\Frieren\Core\DeferredDeallocator.h">
      <Filter>Source\Core</Filter>
    </ClInclude>
    <ClInclude Include="..\Source\Frieren\D3D12\CommandContextPool.h">
      <Filter>Source\D3D12</Filter>
    </ClInclude>
    <ClInclude Include="..\Source\Frieren\Core\HandleManager.h">
      <Filter>Source\Core</Filter>
    </ClInclude>
    <ClInclude Include="..\Source\Frieren\Core\Handle.h">
      <Filter>Source\Core</Filter>
    </ClInclude>
    <ClInclude Include="..\Source\Frieren\Core\MemoryPool.h">
      <Filter>Source\Core</Filter>
    </ClInclude>
    <ClInclude Include="..\Source\Frieren\Core\MemUtils.h">
      <Filter>Source\Core</Filter>
    </ClInclude>
    <ClInclude Include="..\Source\Frieren\Core\Event.h">
      <Filter>Source\Core</Filter>
    </ClInclude>
    <ClInclude Include="..\Source\Frieren\D3D12\GpuView.h">
      <Filter>Source\D3D12</Filter>
    </ClInclude>
    <ClInclude Include="..\Source\Frieren\Math\Common.h">
      <Filter>Source\Math</Filter>
    </ClInclude>
    <ClInclude Include="..\Source\Frieren\Math\Utils.h">
      <Filter>Source\Math</Filter>
    </ClInclude>
    <ClInclude Include="..\Source\Frieren\Core\Profile.h">
      <Filter>Source\Core</Filter>
    </ClInclude>
    <ClInclude Include="..\Thirdparty\SimpleMath\SimpleMath\SimpleMath.h">
      <Filter>Thirdparty\SimpleMath</Filter>
    </ClInclude>
    <ClInclude Include="..\Source\Frieren\Asset\AssetCache.h">
      <Filter>Source\Asset</Filter>
    </ClInclude>
    <ClInclude Include="..\Source\Frieren\Asset\Common.h">
      <Filter>Source\Asset</Filter>
    </ClInclude>
    <ClInclude Include="..\Source\Frieren\Asset\Texture.h">
      <Filter>Source\Asset</Filter>
    </ClInclude>
    <ClInclude Include="..\Source\Frieren\Core\Json.h">
      <Filter>Source\Core</Filter>
    </ClInclude>
    <ClInclude Include="..\Thirdparty\DirectXTex\include\DirectXTex\DirectXTex.h">
      <Filter>Thirdparty\DirectXTex</Filter>
    </ClInclude>
    <ClInclude Include="..\Thirdparty\DirectXCompiler\include\dxc\d3d12shader.h">
      <Filter>Thirdparty\DirectXCompiler</Filter>
    </ClInclude>
    <ClInclude Include="..\Thirdparty\DirectXCompiler\include\dxc\dxcapi.h">
      <Filter>Thirdparty\DirectXCompiler</Filter>
    </ClInclude>
    <ClInclude Include="..\Thirdparty\DirectXCompiler\include\dxc\dxcerrors.h">
      <Filter>Thirdparty\DirectXCompiler</Filter>
    </ClInclude>
    <ClInclude Include="..\Thirdparty\DirectXCompiler\include\dxc\dxcisense.h">
      <Filter>Thirdparty\DirectXCompiler</Filter>
    </ClInclude>
    <ClInclude Include="..\Source\Frieren\Core\ThreadUIDGenerator.h">
      <Filter>Source\Core</Filter>
    </ClInclude>
    <ClInclude Include="..\Source\Frieren\Render\Renderer.h">
      <Filter>Source\Render</Filter>
    </ClInclude>
    <ClInclude Include="..\Source\Frieren\Render\TempConstantBufferAllocator.h">
      <Filter>Source\Render</Filter>
    </ClInclude>
    <ClInclude Include="..\Source\Frieren\Render\Common.h">
      <Filter>Source\Render</Filter>
    </ClInclude>
    <ClInclude Include="..\Source\Frieren\Render\GpuUploader.h">
      <Filter>Source\Render</Filter>
    </ClInclude>
    <ClInclude Include="..\Source\Frieren\Render\GpuViewManager.h">
      <Filter>Source\Render</Filter>
    </ClInclude>
    <ClInclude Include="..\Thirdparty\WinPixEventRuntime\include\WinPixEventRuntime\pix3.h">
      <Filter>Thirdparty\WinPixEventRuntime</Filter>
    </ClInclude>
    <ClInclude Include="..\Thirdparty\WinPixEventRuntime\include\WinPixEventRuntime\pix3_win.h">
      <Filter>Thirdparty\WinPixEventRuntime</Filter>
    </ClInclude>
    <ClInclude Include="..\Thirdparty\WinPixEventRuntime\include\WinPixEventRuntime\PIXEvents.h">
      <Filter>Thirdparty\WinPixEventRuntime</Filter>
    </ClInclude>
    <ClInclude Include="..\Thirdparty\WinPixEventRuntime\include\WinPixEventRuntime\PIXEventsCommon.h">
      <Filter>Thirdparty\WinPixEventRuntime</Filter>
    </ClInclude>
    <ClInclude Include="..\Thirdparty\WinPixEventRuntime\include\WinPixEventRuntime\PIXEventsLegacy.h">
      <Filter>Thirdparty\WinPixEventRuntime</Filter>
    </ClInclude>
    <ClInclude Include="..\Source\Frieren\Core\TypeUtils.h">
      <Filter>Source\Core</Filter>
    </ClInclude>
    <ClInclude Include="..\Source\Frieren\Render\StaticMeshComponent.h">
      <Filter>Source\Render\Component</Filter>
    </ClInclude>
    <ClInclude Include="..\Source\Frieren\Asset\Model.h">
      <Filter>Source\Asset</Filter>
    </ClInclude>
    <ClInclude Include="..\Source\Frieren\Render\Vertex.h">
      <Filter>Source\Render</Filter>
    </ClInclude>
    <ClInclude Include="..\Source\Frieren\Render\CameraComponent.h">
      <Filter>Source\Render\Component</Filter>
    </ClInclude>
    <ClInclude Include="..\Source\Frieren\Render\TransformComponent.h">
      <Filter>Source\Render\Component</Filter>
    </ClInclude>
    <ClInclude Include="..\Source\Frieren\Render\CameraArchetype.h">
      <Filter>Source\Render\Component</Filter>
    </ClInclude>
    <ClInclude Include="..\Source\Frieren\Filesystem\Common.h">
      <Filter>Source\Filesystem</Filter>
    </ClInclude>
    <ClInclude Include="..\Source\Frieren\Filesystem\Utils.h">
      <Filter>Source\Filesystem</Filter>
    </ClInclude>
  </ItemGroup>
  <ItemGroup>
    <ClCompile Include="..\Source\Frieren\Core\String.cpp">
      <Filter>Source\Core</Filter>
    </ClCompile>
    <ClCompile Include="..\Source\Frieren\Core\Log.cpp">
      <Filter>Source\Core</Filter>
    </ClCompile>
    <ClCompile Include="..\Source\Frieren\Core\Window.cpp">
      <Filter>Source\Core</Filter>
    </ClCompile>
    <ClCompile Include="..\Source\Frieren\Core\InputManager.cpp">
      <Filter>Source\Core</Filter>
    </ClCompile>
    <ClCompile Include="..\Source\Frieren\Gameplay\World.cpp">
      <Filter>Source\Gameplay</Filter>
    </ClCompile>
    <ClCompile Include="..\Source\Frieren\Gameplay\GameInstance.cpp">
      <Filter>Source\Gameplay</Filter>
    </ClCompile>
    <ClCompile Include="..\Source\Frieren\D3D12\RenderDevice.cpp">
      <Filter>Source\D3D12</Filter>
    </ClCompile>
    <ClCompile Include="..\Source\Frieren\D3D12\DescriptorHeap.cpp">
      <Filter>Source\D3D12</Filter>
    </ClCompile>
    <ClCompile Include="..\Source\Frieren\D3D12\D3D12Common.cpp">
      <Filter>Source\D3D12</Filter>
    </ClCompile>
    <ClCompile Include="..\Source\Frieren\D3D12\GpuBufferDesc.cpp">
      <Filter>Source\D3D12</Filter>
    </ClCompile>
    <ClCompile Include="..\Thirdparty\D3D12MemAlloc\D3D12MemAlloc.cpp">
      <Filter>Thirdparty\D3D12MemAlloc</Filter>
    </ClCompile>
    <ClCompile Include="..\Source\Frieren\D3D12\GpuBuffer.cpp">
      <Filter>Source\D3D12</Filter>
    </ClCompile>
    <ClCompile Include="..\Source\Frieren\D3D12\GPUTextureDesc.cpp">
      <Filter>Source\D3D12</Filter>
    </ClCompile>
    <ClCompile Include="..\Source\Frieren\Engine.cpp">
      <Filter>Source</Filter>
    </ClCompile>
    <ClCompile Include="..\Source\Frieren\D3D12\Swapchain.cpp">
      <Filter>Source\D3D12</Filter>
    </ClCompile>
    <ClCompile Include="..\Source\Frieren\D3D12\ShaderBlob.cpp">
      <Filter>Source\D3D12</Filter>
    </ClCompile>
    <ClCompile Include="..\Source\Frieren\D3D12\PipelineStateDesc.cpp">
      <Filter>Source\D3D12</Filter>
    </ClCompile>
    <ClCompile Include="..\Source\Frieren\D3D12\PipelineState.cpp">
      <Filter>Source\D3D12</Filter>
    </ClCompile>
    <ClCompile Include="..\Source\Frieren\D3D12\RootSignature.cpp">
      <Filter>Source\D3D12</Filter>
    </ClCompile>
    <ClCompile Include="..\Source\Frieren\D3D12\CommandContext.cpp">
      <Filter>Source\D3D12</Filter>
    </ClCompile>
    <ClCompile Include="..\Source\Frieren\D3D12\GpuTexture.cpp">
      <Filter>Source\D3D12</Filter>
    </ClCompile>
    <ClCompile Include="..\Source\Frieren\ImGui\ImGuiCommon.cpp">
      <Filter>Source\ImGui</Filter>
    </ClCompile>
    <ClCompile Include="..\Source\Frieren\ImGui\ImGuiRenderer.cpp">
      <Filter>Source\ImGui</Filter>
    </ClCompile>
    <ClCompile Include="..\Source\Frieren\ImGui\ImGuiCanvas.cpp">
      <Filter>Source\ImGui</Filter>
    </ClCompile>
    <ClCompile Include="..\Source\Frieren\D3D12\CommandQueue.cpp">
      <Filter>Source\D3D12</Filter>
    </ClCompile>
    <ClCompile Include="..\Source\Frieren\Core\DeferredDeallocator.cpp">
      <Filter>Source\Core</Filter>
    </ClCompile>
    <ClCompile Include="..\Source\Frieren\D3D12\CommandContextPool.cpp">
      <Filter>Source\D3D12</Filter>
    </ClCompile>
    <ClCompile Include="..\Source\Frieren\Core\HandleManager.cpp">
      <Filter>Source\Core</Filter>
    </ClCompile>
    <ClCompile Include="..\Source\Frieren\Core\MemoryPool.cpp">
      <Filter>Source\Core</Filter>
    </ClCompile>
    <ClCompile Include="..\Source\Frieren\Core\Handle.cpp">
      <Filter>Source\Core</Filter>
    </ClCompile>
    <ClCompile Include="..\Thirdparty\SimpleMath\SimpleMath\SimpleMath.cpp">
      <Filter>Thirdparty\SimpleMath</Filter>
    </ClCompile>
    <ClCompile Include="..\Source\Frieren\Asset\AssetCache.cpp">
      <Filter>Source\Asset</Filter>
    </ClCompile>
    <ClCompile Include="..\Source\Frieren\Asset\Texture.cpp">
      <Filter>Source\Asset</Filter>
    </ClCompile>
    <ClCompile Include="..\Source\Frieren\Asset\Common.cpp">
      <Filter>Source\Asset</Filter>
    </ClCompile>
    <ClCompile Include="..\Source\Frieren\Core\ThreadUIDGenerator.cpp">
      <Filter>Source\Core</Filter>
    </ClCompile>
    <ClCompile Include="..\Source\Frieren\Render\Renderer.cpp">
      <Filter>Source\Render</Filter>
    </ClCompile>
    <ClCompile Include="..\Source\Frieren\Render\RendererCommon.cpp">
      <Filter>Source\Render</Filter>
    </ClCompile>
    <ClCompile Include="..\Source\Frieren\Render\TempConstantBufferAllocator.cpp">
      <Filter>Source\Render</Filter>
    </ClCompile>
    <ClCompile Include="..\Source\Frieren\Render\GpuUploader.cpp">
      <Filter>Source\Render</Filter>
    </ClCompile>
    <ClCompile Include="..\Source\Frieren\Render\GpuViewManager.cpp">
      <Filter>Source\Render</Filter>
    </ClCompile>
    <ClCompile Include="..\Source\Frieren\Asset\Model.cpp">
      <Filter>Source\Asset</Filter>
    </ClCompile>
  </ItemGroup>
  <ItemGroup>
    <FxCompile Include="Assets\Shader\BasicVertexShader.hlsl">
      <Filter>Shader</Filter>
    </FxCompile>
    <FxCompile Include="Assets\Shader\BasicPixelShader.hlsl">
      <Filter>Shader</Filter>
    </FxCompile>
  </ItemGroup>
  <ItemGroup>
    <None Include="..\Thirdparty\SimpleMath\SimpleMath\SimpleMath.inl">
      <Filter>Thirdparty\SimpleMath</Filter>
    </None>
    <None Include="..\Thirdparty\DirectXTex\include\DirectXTex\DirectXTex.inl">
      <Filter>Thirdparty\DirectXTex</Filter>
    </None>
  </ItemGroup>
</Project>