<?xml version="1.0" encoding="utf-8"?>
<Project ToolsVersion="4.0" xmlns="http://schemas.microsoft.com/developer/msbuild/2003">
  <ItemGroup>
    <Filter Include="Source">
      <UniqueIdentifier>{687bade5-725c-495a-9ef1-7a3784f06a28}</UniqueIdentifier>
    </Filter>
    <Filter Include="Source\Core">
      <UniqueIdentifier>{187f7688-de80-481c-8f77-0314177ce907}</UniqueIdentifier>
    </Filter>
    <Filter Include="Source\Gameplay">
      <UniqueIdentifier>{8520c80d-9a10-48dc-8dff-f6ce375af563}</UniqueIdentifier>
    </Filter>
    <Filter Include="Source\D3D12">
      <UniqueIdentifier>{2b718f61-774c-4896-a78a-8c6d3ec1833c}</UniqueIdentifier>
    </Filter>
    <Filter Include="Thirdparty">
      <UniqueIdentifier>{649caa31-cf2a-4603-ace2-485c6b0c9660}</UniqueIdentifier>
    </Filter>
    <Filter Include="Thirdparty\D3D12MemAlloc">
      <UniqueIdentifier>{d6c45c0b-c442-4eac-90cf-dcc17c5d6e29}</UniqueIdentifier>
    </Filter>
    <Filter Include="Renderer">
      <UniqueIdentifier>{ebf89346-5007-4bda-ac52-6f027287c8c8}</UniqueIdentifier>
    </Filter>
    <Filter Include="Source\Math">
      <UniqueIdentifier>{678be2b1-c00f-418d-a544-a1a472855147}</UniqueIdentifier>
    </Filter>
  </ItemGroup>
  <ItemGroup>
    <ClInclude Include="..\Source\Frieren\Core\Assert.h">
      <Filter>Source\Core</Filter>
    </ClInclude>
    <ClInclude Include="..\Source\Frieren\Core\HandleManager.h">
      <Filter>Source\Core</Filter>
    </ClInclude>
    <ClInclude Include="..\Source\Frieren\Core\Hash.h">
      <Filter>Source\Core</Filter>
    </ClInclude>
    <ClInclude Include="..\Source\Frieren\Core\Misc.h">
      <Filter>Source\Core</Filter>
    </ClInclude>
    <ClInclude Include="..\Source\Frieren\Core\Mutex.h">
      <Filter>Source\Core</Filter>
    </ClInclude>
    <ClInclude Include="..\Source\Frieren\Core\String.h">
      <Filter>Source\Core</Filter>
    </ClInclude>
    <ClInclude Include="..\Source\Frieren\Core\Pool.h">
      <Filter>Source\Core</Filter>
    </ClInclude>
    <ClInclude Include="..\Source\Frieren\Core\Log.h">
      <Filter>Source\Core</Filter>
    </ClInclude>
    <ClInclude Include="..\Source\Frieren\Core\EmbededSettings.h">
      <Filter>Source\Core</Filter>
    </ClInclude>
    <ClInclude Include="..\Source\Frieren\Core\Version.h">
      <Filter>Source\Core</Filter>
    </ClInclude>
    <ClInclude Include="..\Source\Frieren\Core\InputManager.h">
      <Filter>Source\Core</Filter>
    </ClInclude>
    <ClInclude Include="..\Source\Frieren\Core\Window.h">
      <Filter>Source\Core</Filter>
    </ClInclude>
    <ClInclude Include="..\Source\Frieren\Core\Timer.h">
      <Filter>Source\Core</Filter>
    </ClInclude>
    <ClInclude Include="..\Source\Frieren\Core\Win32API.h">
      <Filter>Source\Core</Filter>
    </ClInclude>
    <ClInclude Include="..\Source\Frieren\Engine.h">
      <Filter>Source</Filter>
    </ClInclude>
    <ClInclude Include="..\Source\Frieren\Gameplay\World.h">
      <Filter>Source\Gameplay</Filter>
    </ClInclude>
    <ClInclude Include="..\Source\Frieren\Gameplay\GameInstance.h">
      <Filter>Source\Gameplay</Filter>
    </ClInclude>
    <ClInclude Include="..\Source\Frieren\Gameplay\GameFlow.h">
      <Filter>Source\Gameplay</Filter>
    </ClInclude>
    <ClInclude Include="..\Source\Frieren\D3D12\Device.h">
      <Filter>Source\D3D12</Filter>
    </ClInclude>
    <ClInclude Include="..\Source\Frieren\D3D12\Fence.h">
      <Filter>Source\D3D12</Filter>
    </ClInclude>
    <ClInclude Include="..\Source\Frieren\Renderer\Renderer.h">
      <Filter>Renderer</Filter>
    </ClInclude>
    <ClInclude Include="..\Source\Frieren\D3D12\GPUBuffer.h">
      <Filter>Source\D3D12</Filter>
    </ClInclude>
    <ClInclude Include="..\Source\Frieren\D3D12\CommandContext.h">
      <Filter>Source\D3D12</Filter>
    </ClInclude>
    <ClInclude Include="..\Source\Frieren\D3D12\GPUTexture.h">
      <Filter>Source\D3D12</Filter>
    </ClInclude>
    <ClInclude Include="..\Source\Frieren\D3D12\Sampler.h">
      <Filter>Source\D3D12</Filter>
    </ClInclude>
    <ClInclude Include="..\Source\Frieren\D3D12\DescriptorHeap.h">
      <Filter>Source\D3D12</Filter>
    </ClInclude>
    <ClInclude Include="..\Source\Frieren\D3D12\PipelineState.h">
      <Filter>Source\D3D12</Filter>
    </ClInclude>
    <ClInclude Include="..\Source\Frieren\D3D12\ShaderBlob.h">
      <Filter>Source\D3D12</Filter>
    </ClInclude>
    <ClInclude Include="..\Source\Frieren\D3D12\Swapchain.h">
      <Filter>Source\D3D12</Filter>
    </ClInclude>
    <ClInclude Include="..\Source\Frieren\Core\Utility.h">
      <Filter>Source\Core</Filter>
    </ClInclude>
    <ClInclude Include="..\Source\Frieren\D3D12\Common.h">
      <Filter>Source\D3D12</Filter>
    </ClInclude>
    <ClInclude Include="..\Source\Frieren\D3D12\GPUBufferDesc.h">
      <Filter>Source\D3D12</Filter>
    </ClInclude>
    <ClInclude Include="..\Thirdparty\D3D12MemAlloc\D3D12MemAlloc.h">
      <Filter>Thirdparty\D3D12MemAlloc</Filter>
    </ClInclude>
    <ClInclude Include="..\Source\Frieren\D3D12\GPUTextureDesc.h">
      <Filter>Source\D3D12</Filter>
    </ClInclude>
    <ClInclude Include="..\Source\Frieren\D3D12\GPUResoureView.h" />
    <ClInclude Include="..\Source\Frieren\Math\Common.h">
      <Filter>Source\Math</Filter>
    </ClInclude>
    <ClInclude Include="..\Source\Frieren\D3D12\PipelineStateDesc.h">
      <Filter>Source\D3D12</Filter>
    </ClInclude>
    <ClInclude Include="..\Source\Frieren\D3D12\RootSignature.h">
      <Filter>Source\D3D12</Filter>
    </ClInclude>
    <ClInclude Include="..\Source\Frieren\Renderer\FrameResource.h">
      <Filter>Renderer</Filter>
    </ClInclude>
    <ClInclude Include="..\Source\Frieren\D3D12\GPUResource.h">
      <Filter>Source\D3D12</Filter>
    </ClInclude>
  </ItemGroup>
  <ItemGroup>
    <ClCompile Include="..\Source\Frieren\Core\String.cpp">
      <Filter>Source\Core</Filter>
    </ClCompile>
    <ClCompile Include="..\Source\Frieren\Core\Log.cpp">
      <Filter>Source\Core</Filter>
    </ClCompile>
    <ClCompile Include="..\Source\Frieren\Core\Window.cpp">
      <Filter>Source\Core</Filter>
    </ClCompile>
    <ClCompile Include="..\Source\Frieren\Core\InputManager.cpp">
      <Filter>Source\Core</Filter>
    </ClCompile>
    <ClCompile Include="..\Source\Frieren\Gameplay\World.cpp">
      <Filter>Source\Gameplay</Filter>
    </ClCompile>
    <ClCompile Include="..\Source\Frieren\Gameplay\GameInstance.cpp">
      <Filter>Source\Gameplay</Filter>
    </ClCompile>
    <ClCompile Include="..\Source\Frieren\D3D12\Device.cpp">
      <Filter>Source\D3D12</Filter>
    </ClCompile>
    <ClCompile Include="..\Source\Frieren\D3D12\Fence.cpp">
      <Filter>Source\D3D12</Filter>
    </ClCompile>
    <ClCompile Include="..\Source\Frieren\Renderer\Renderer.cpp">
      <Filter>Renderer</Filter>
    </ClCompile>
    <ClCompile Include="..\Source\Frieren\D3D12\DescriptorHeap.cpp">
      <Filter>Source\D3D12</Filter>
    </ClCompile>
    <ClCompile Include="..\Source\Frieren\D3D12\Common.cpp">
      <Filter>Source\D3D12</Filter>
    </ClCompile>
    <ClCompile Include="..\Source\Frieren\D3D12\GPUBufferDesc.cpp">
      <Filter>Source\D3D12</Filter>
    </ClCompile>
    <ClCompile Include="..\Thirdparty\D3D12MemAlloc\D3D12MemAlloc.cpp">
      <Filter>Thirdparty\D3D12MemAlloc</Filter>
    </ClCompile>
    <ClCompile Include="..\Source\Frieren\D3D12\GPUBuffer.cpp">
      <Filter>Source\D3D12</Filter>
    </ClCompile>
    <ClCompile Include="..\Source\Frieren\D3D12\GPUTextureDesc.cpp">
      <Filter>Source\D3D12</Filter>
    </ClCompile>
    <ClCompile Include="..\Source\Frieren\Engine.cpp">
      <Filter>Source</Filter>
    </ClCompile>
    <ClCompile Include="..\Source\Frieren\D3D12\Swapchain.cpp">
      <Filter>Source\D3D12</Filter>
    </ClCompile>
    <ClCompile Include="..\Source\Frieren\D3D12\ShaderBlob.cpp">
      <Filter>Source\D3D12</Filter>
    </ClCompile>
    <ClCompile Include="..\Source\Frieren\D3D12\PipelineStateDesc.cpp">
      <Filter>Source\D3D12</Filter>
    </ClCompile>
    <ClCompile Include="..\Source\Frieren\D3D12\PipelineState.cpp">
      <Filter>Source\D3D12</Filter>
    </ClCompile>
    <ClCompile Include="..\Source\Frieren\D3D12\RootSignature.cpp">
      <Filter>Source\D3D12</Filter>
    </ClCompile>
    <ClCompile Include="..\Source\Frieren\D3D12\CommandContext.cpp">
      <Filter>Source\D3D12</Filter>
    </ClCompile>
    <ClCompile Include="..\Source\Frieren\D3D12\GPUTexture.cpp">
      <Filter>Source\D3D12</Filter>
    </ClCompile>
  </ItemGroup>
</Project>