<?xml version="1.0" encoding="utf-8"?>
<Project ToolsVersion="4.0" xmlns="http://schemas.microsoft.com/developer/msbuild/2003">
  <ItemGroup>
    <Filter Include="Source">
      <UniqueIdentifier>{d4ee7ba6-6fc0-4763-8bc3-d83995e99e49}</UniqueIdentifier>
    </Filter>
  </ItemGroup>
  <ItemGroup>
    <None Include="..\..\.clang-format" />
  </ItemGroup>
  <ItemGroup>
    <ClCompile Include="..\Source\Himmel\main.cpp">
      <Filter>Source</Filter>
    </ClCompile>
    <ClCompile Include="..\Source\Himmel\BasicGameFlow.cpp">
      <Filter>Source</Filter>
    </ClCompile>
    <ClCompile Include="..\Source\Himmel\PlayerControllSystem.cpp">
      <Filter>Source</Filter>
    </ClCompile>
    <ClCompile Include="..\Source\Himmel\HealthRecoverySystem.cpp">
      <Filter>Source</Filter>
    </ClCompile>
  </ItemGroup>
  <ItemGroup>
    <ClInclude Include="..\Source\Himmel\PlayerControllSystem.h">
      <Filter>Source</Filter>
    </ClInclude>
    <ClInclude Include="..\Source\Himmel\HealthRecoverySystem.h">
      <Filter>Source</Filter>
    </ClInclude>
    <ClInclude Include="..\Source\Himmel\PlayerArchetype.h">
      <Filter>Source</Filter>
    </ClInclude>
    <ClInclude Include="..\Source\Himmel\BasicGameFlow.h">
      <Filter>Source</Filter>
    </ClInclude>
    <ClInclude Include="..\Source\Himmel\HealthComponent.h">
      <Filter>Source</Filter>
    </ClInclude>
    <ClInclude Include="..\Source\Himmel\PositionComponent.h">
      <Filter>Source</Filter>
    </ClInclude>
    <ClInclude Include="..\Source\Himmel\ControllableTag.h">
      <Filter>Source</Filter>
    </ClInclude>
    <ClInclude Include="..\Source\Himmel\HealthRecoveryBuff.h">
      <Filter>Source</Filter>
    </ClInclude>
    <ClInclude Include="..\Source\Himmel\PlayerComponent.h">
      <Filter>Source</Filter>
    </ClInclude>
  </ItemGroup>
</Project>