
Microsoft Visual Studio Solution File, Format Version 12.00
# Visual Studio Version 17
VisualStudioVersion = 17.5.33502.453
MinimumVisualStudioVersion = 10.0.40219.1
Project("{8BC9CEB8-8B4A-11D0-8D11-00A0C91BC942}") = "Igniter", "Igniter.vcxproj", "{229BECC5-709F-4D93-B959-7C23283DDEF8}"
EndProject
Project("{8BC9CEB8-8B4A-11D0-8D11-00A0C91BC942}") = "Frieren", "Frieren.vcxproj", "{3225FAFA-796D-4C15-8B47-A26A6724C6FA}"
	ProjectSection(ProjectDependencies) = postProject
		{229BECC5-709F-4D93-B959-7C23283DDEF8} = {229BECC5-709F-4D93-B959-7C23283DDEF8}
	EndProjectSection
EndProject
Global
	GlobalSection(SolutionConfigurationPlatforms) = preSolution
		Asan|x64 = Asan|x64
		CheckHandleLeaks|x64 = CheckHandleLeaks|x64
		Debug|x64 = Debug|x64
		Release|x64 = Release|x64
	EndGlobalSection
	GlobalSection(ProjectConfigurationPlatforms) = postSolution
		{229BECC5-709F-4D93-B959-7C23283DDEF8}.Asan|x64.ActiveCfg = Asan|x64
		{229BECC5-709F-4D93-B959-7C23283DDEF8}.Asan|x64.Build.0 = Asan|x64
		{229BECC5-709F-4D93-B959-7C23283DDEF8}.CheckHandleLeaks|x64.ActiveCfg = CheckHandleLeaks|x64
		{229BECC5-709F-4D93-B959-7C23283DDEF8}.CheckHandleLeaks|x64.Build.0 = CheckHandleLeaks|x64
		{229BECC5-709F-4D93-B959-7C23283DDEF8}.Debug|x64.ActiveCfg = Debug|x64
		{229BECC5-709F-4D93-B959-7C23283DDEF8}.Debug|x64.Build.0 = Debug|x64
		{229BECC5-709F-4D93-B959-7C23283DDEF8}.Release|x64.ActiveCfg = Release|x64
		{229BECC5-709F-4D93-B959-7C23283DDEF8}.Release|x64.Build.0 = Release|x64
		{3225FAFA-796D-4C15-8B47-A26A6724C6FA}.Asan|x64.ActiveCfg = Asan|x64
		{3225FAFA-796D-4C15-8B47-A26A6724C6FA}.Asan|x64.Build.0 = Asan|x64
		{3225FAFA-796D-4C15-8B47-A26A6724C6FA}.CheckHandleLeaks|x64.ActiveCfg = CheckHandleLeaks|x64
		{3225FAFA-796D-4C15-8B47-A26A6724C6FA}.CheckHandleLeaks|x64.Build.0 = CheckHandleLeaks|x64
		{3225FAFA-796D-4C15-8B47-A26A6724C6FA}.Debug|x64.ActiveCfg = Debug|x64
		{3225FAFA-796D-4C15-8B47-A26A6724C6FA}.Debug|x64.Build.0 = Debug|x64
		{3225FAFA-796D-4C15-8B47-A26A6724C6FA}.Release|x64.ActiveCfg = Release|x64
		{3225FAFA-796D-4C15-8B47-A26A6724C6FA}.Release|x64.Build.0 = Release|x64
	EndGlobalSection
	GlobalSection(SolutionProperties) = preSolution
		HideSolutionNode = FALSE
	EndGlobalSection
	GlobalSection(ExtensibilityGlobals) = postSolution
		SolutionGuid = {9BA2D048-9BFD-4E6C-BFC6-FDD275FD9891}
	EndGlobalSection
EndGlobal
